
Microsoft Visual Studio Solution File, Format Version 12.00
# Visual Studio Version 17
VisualStudioVersion = 17.10.34928.147
MinimumVisualStudioVersion = 10.0.40219.1
Project("{FAE04EC0-301F-11D3-BF4B-00C04F79EFBC}") = "AppHost", "AppHost\AppHost.csproj", "{16F33CED-9672-4F1F-91B9-292068621EF9}"
EndProject
Project("{FAE04EC0-301F-11D3-BF4B-00C04F79EFBC}") = "AppUI", "AppUI\AppUI.csproj", "{DE46E9B7-0741-4B0C-8CA2-39C3C5E52ADA}"
EndProject
Project("{FAE04EC0-301F-11D3-BF4B-00C04F79EFBC}") = "AppStandardCombined", "AppStandardCombined\AppStandardCombined.csproj", "{2B9D02D8-5DC9-4135-9CE5-8D8416A3D500}"
EndProject
Global
	GlobalSection(SolutionConfigurationPlatforms) = preSolution
		Debug|Any CPU = Debug|Any CPU
		Release|Any CPU = Release|Any CPU
	EndGlobalSection
	GlobalSection(ProjectConfigurationPlatforms) = postSolution
		{16F33CED-9672-4F1F-91B9-292068621EF9}.Debug|Any CPU.ActiveCfg = Debug|Any CPU
		{16F33CED-9672-4F1F-91B9-292068621EF9}.Debug|Any CPU.Build.0 = Debug|Any CPU
		{16F33CED-9672-4F1F-91B9-292068621EF9}.Release|Any CPU.ActiveCfg = Release|Any CPU
		{16F33CED-9672-4F1F-91B9-292068621EF9}.Release|Any CPU.Build.0 = Release|Any CPU
		{DE46E9B7-0741-4B0C-8CA2-39C3C5E52ADA}.Debug|Any CPU.ActiveCfg = Debug|Any CPU
		{DE46E9B7-0741-4B0C-8CA2-39C3C5E52ADA}.Debug|Any CPU.Build.0 = Debug|Any CPU
		{DE46E9B7-0741-4B0C-8CA2-39C3C5E52ADA}.Release|Any CPU.ActiveCfg = Release|Any CPU
		{DE46E9B7-0741-4B0C-8CA2-39C3C5E52ADA}.Release|Any CPU.Build.0 = Release|Any CPU
		{2B9D02D8-5DC9-4135-9CE5-8D8416A3D500}.Debug|Any CPU.ActiveCfg = Debug|Any CPU
		{2B9D02D8-5DC9-4135-9CE5-8D8416A3D500}.Debug|Any CPU.Build.0 = Debug|Any CPU
		{2B9D02D8-5DC9-4135-9CE5-8D8416A3D500}.Release|Any CPU.ActiveCfg = Release|Any CPU
		{2B9D02D8-5DC9-4135-9CE5-8D8416A3D500}.Release|Any CPU.Build.0 = Release|Any CPU
	EndGlobalSection
	GlobalSection(SolutionProperties) = preSolution
		HideSolutionNode = FALSE
	EndGlobalSection
	GlobalSection(ExtensibilityGlobals) = postSolution
		SolutionGuid = {794FCACD-F515-4C88-A281-B8DB287F2D20}
	EndGlobalSection
EndGlobal
